Microsoft Visual Studio Solution File, Format Version 12.00
# Visual Studio Version 17
VisualStudioVersion = 17.5.2.0
MinimumVisualStudioVersion = 10.0.40219.1
Project("{FAE04EC0-301F-11D3-BF4B-00C04F79EFBC}") = "AMG c63 prj", "AMG c63 prj.csproj", "{B49B47C3-0336-C37D-72E0-4A818E0FB506}"
EndProject
Global
	GlobalSection(SolutionConfigurationPlatforms) = preSolution
		Debug|Any CPU = Debug|Any CPU
		Release|Any CPU = Release|Any CPU
	EndGlobalSection
	GlobalSection(ProjectConfigurationPlatforms) = postSolution
		{B49B47C3-0336-C37D-72E0-4A818E0FB506}.Debug|Any CPU.ActiveCfg = Debug|Any CPU
		{B49B47C3-0336-C37D-72E0-4A818E0FB506}.Debug|Any CPU.Build.0 = Debug|Any CPU
		{B49B47C3-0336-C37D-72E0-4A818E0FB506}.Release|Any CPU.ActiveCfg = Release|Any CPU
		{B49B47C3-0336-C37D-72E0-4A818E0FB506}.Release|Any CPU.Build.0 = Release|Any CPU
	EndGlobalSection
	GlobalSection(SolutionProperties) = preSolution
		HideSolutionNode = FALSE
	EndGlobalSection
	GlobalSection(ExtensibilityGlobals) = postSolution
		SolutionGuid = {6E4DA157-DD65-46D0-A10E-9AEAB1B34520}
	EndGlobalSection
EndGlobal
